
Microsoft Visual Studio Solution File, Format Version 12.00
# Visual Studio Version 17
VisualStudioVersion = 17.4.33103.184
MinimumVisualStudioVersion = 10.0.40219.1
Project("{FAE04EC0-301F-11D3-BF4B-00C04F79EFBC}") = "NFCGenerador", "NFCGenerador\NFCGenerador.csproj", "{E1DA13D3-D775-47ED-A781-AA9DA01C5EB1}"
EndProject
Global
	GlobalSection(SolutionConfigurationPlatforms) = preSolution
		Debug|Any CPU = Debug|Any CPU
		Release|Any CPU = Release|Any CPU
	EndGlobalSection
	GlobalSection(ProjectConfigurationPlatforms) = postSolution
		{E1DA13D3-D775-47ED-A781-AA9DA01C5EB1}.Debug|Any CPU.ActiveCfg = Debug|Any CPU
		{E1DA13D3-D775-47ED-A781-AA9DA01C5EB1}.Debug|Any CPU.Build.0 = Debug|Any CPU
		{E1DA13D3-D775-47ED-A781-AA9DA01C5EB1}.Release|Any CPU.ActiveCfg = Release|Any CPU
		{E1DA13D3-D775-47ED-A781-AA9DA01C5EB1}.Release|Any CPU.Build.0 = Release|Any CPU
	EndGlobalSection
	GlobalSection(SolutionProperties) = preSolution
		HideSolutionNode = FALSE
	EndGlobalSection
	GlobalSection(ExtensibilityGlobals) = postSolution
		SolutionGuid = {AEF0CCEF-528D-4B58-88CF-C51508873838}
	EndGlobalSection
EndGlobal
